PODS:
  - CLImageEditor (0.1.4):
    - CLImageEditor/Core (= 0.1.4)
  - CLImageEditor/Core (0.1.4)
  - CLImageEditor/TextTool (0.1.4):
    - CLImageEditor/Core

DEPENDENCIES:
  - CLImageEditor
  - CLImageEditor/TextTool

SPEC CHECKSUMS:
  CLImageEditor: 9d388449af816729da67e68465e20462f181841d

COCOAPODS: 0.39.0
